
Microsoft Visual Studio Solution File, Format Version 12.00
# Visual Studio Version 17
VisualStudioVersion = 17.14.36414.22
MinimumVisualStudioVersion = 10.0.40219.1
Project("{FAE04EC0-301F-11D3-BF4B-00C04F79EFBC}") = "PortfolioApi", "PortfolioApi\PortfolioApi.csproj", "{91892322-7EA9-41FB-A421-9FC75CBF6310}"
EndProject
Global
	GlobalSection(SolutionConfigurationPlatforms) = preSolution
		Debug|Any CPU = Debug|Any CPU
		Release|Any CPU = Release|Any CPU
	EndGlobalSection
	GlobalSection(ProjectConfigurationPlatforms) = postSolution
		{91892322-7EA9-41FB-A421-9FC75CBF6310}.Debug|Any CPU.ActiveCfg = Debug|Any CPU
		{91892322-7EA9-41FB-A421-9FC75CBF6310}.Debug|Any CPU.Build.0 = Debug|Any CPU
		{91892322-7EA9-41FB-A421-9FC75CBF6310}.Release|Any CPU.ActiveCfg = Release|Any CPU
		{91892322-7EA9-41FB-A421-9FC75CBF6310}.Release|Any CPU.Build.0 = Release|Any CPU
	EndGlobalSection
	GlobalSection(SolutionProperties) = preSolution
		HideSolutionNode = FALSE
	EndGlobalSection
	GlobalSection(ExtensibilityGlobals) = postSolution
		SolutionGuid = {C7A0CAB6-357F-494B-B06C-0F2E998406EB}
	EndGlobalSection
EndGlobal
